{
    "_readme": [
        "This file locks the dependencies of your project to a known state",
        "Read more about it at https://getcomposer.org/doc/01-basic-usage.md#composer-lock-the-lock-file",
        "This file is @generated automatically"
    ],
    "content-hash": "6ba1f4a9634f0794ca0f9852e9998079",
    "packages": [
        {
            "name": "aura/intl",
            "version": "3.0.0",
            "source": {
                "type": "git",
                "url": "https://github.com/auraphp/Aura.Intl.git",
                "reference": "7fce228980b19bf4dee2d7bbd6202a69b0dde926"
            },
            "dist": {
                "type": "zip",
                "url": "https://api.github.com/repos/auraphp/Aura.Intl/zipball/7fce228980b19bf4dee2d7bbd6202a69b0dde926",
                "reference": "7fce228980b19bf4dee2d7bbd6202a69b0dde926",
                "shasum": ""
            },
            "require": {
                "php": "^5.6|^7.0"
            },
            "type": "library",
            "autoload": {
                "psr-4": {
                    "Aura\\Intl\\": "src/"
                }
            },
            "notification-url": "https://packagist.org/downloads/",
            "license": [
                "MIT"
            ],
            "authors": [
                {
                    "name": "Aura.Intl Contributors",
                    "homepage": "https://github.com/auraphp/Aura.Intl/contributors"
                }
            ],
            "description": "The Aura Intl package provides internationalization tools, specifically message translation.",
            "homepage": "https://github.com/auraphp/Aura.Intl",
            "keywords": [
                "g11n",
                "globalization",
                "i18n",
                "internationalization",
                "intl",
                "l10n",
                "localization"
            ],
            "time": "2017-01-20T05:00:11+00:00"
        },
        {
            "name": "cakephp/cakephp",
            "version": "3.5.11",
            "source": {
                "type": "git",
                "url": "https://github.com/cakephp/cakephp.git",
                "reference": "b557240fc11cdce9e60d35d4a911c01c0f28b5ee"
            },
            "dist": {
                "type": "zip",
                "url": "https://api.github.com/repos/cakephp/cakephp/zipball/b557240fc11cdce9e60d35d4a911c01c0f28b5ee",
                "reference": "b557240fc11cdce9e60d35d4a911c01c0f28b5ee",
                "shasum": ""
            },
            "require": {
                "aura/intl": "^3.0.0",
                "cakephp/chronos": "^1.0.0",
                "ext-intl": "*",
                "ext-mbstring": "*",
                "php": ">=5.6.0",
                "psr/log": "^1.0.0",
                "zendframework/zend-diactoros": "^1.4.0"
            },
            "conflict": {
                "phpunit/phpunit": "<5.7"
            },
            "replace": {
                "cakephp/cache": "self.version",
                "cakephp/collection": "self.version",
                "cakephp/core": "self.version",
                "cakephp/database": "self.version",
                "cakephp/datasource": "self.version",
                "cakephp/event": "self.version",
                "cakephp/filesystem": "self.version",
                "cakephp/form": "self.version",
                "cakephp/i18n": "self.version",
                "cakephp/log": "self.version",
                "cakephp/orm": "self.version",
                "cakephp/utility": "self.version",
                "cakephp/validation": "self.version"
            },
            "require-dev": {
                "cakephp/cakephp-codesniffer": "^3.0",
                "phpunit/phpunit": "^5.7.14|^6.0"
            },
            "suggest": {
                "ext-openssl": "To use Security::encrypt() or have secure CSRF token generation.",
                "lib-ICU": "The intl PHP library, to use Text::transliterate() or Text::slug()"
            },
            "type": "library",
            "autoload": {
                "psr-4": {
                    "Cake\\": "src/"
                },
                "files": [
                    "src/Core/functions.php",
                    "src/Collection/functions.php",
                    "src/I18n/functions.php",
                    "src/Utility/bootstrap.php"
                ]
            },
            "notification-url": "https://packagist.org/downloads/",
            "license": [
                "MIT"
            ],
            "authors": [
                {
                    "name": "CakePHP Community",
                    "homepage": "https://github.com/cakephp/cakephp/graphs/contributors"
                }
            ],
            "description": "The CakePHP framework",
            "homepage": "https://cakephp.org",
            "keywords": [
                "conventions over configuration",
                "dry",
                "form",
                "framework",
                "mvc",
                "orm",
                "psr-7",
                "rapid-development",
                "validation"
            ],
            "time": "2018-01-21T00:04:21+00:00"
        },
        {
            "name": "cakephp/chronos",
            "version": "1.1.4",
            "source": {
                "type": "git",
                "url": "https://github.com/cakephp/chronos.git",
                "reference": "85bcaea6a832684b32ef54b2487b0c14a172e9e6"
            },
            "dist": {
                "type": "zip",
                "url": "https://api.github.com/repos/cakephp/chronos/zipball/85bcaea6a832684b32ef54b2487b0c14a172e9e6",
                "reference": "85bcaea6a832684b32ef54b2487b0c14a172e9e6",
                "shasum": ""
            },
            "require": {
                "php": "^5.5.9|^7"
            },
            "require-dev": {
                "athletic/athletic": "~0.1",
                "cakephp/cakephp-codesniffer": "~2.3",
                "phpbench/phpbench": "@dev",
                "phpstan/phpstan": "^0.6.4",
                "phpunit/phpunit": "<6.0"
            },
            "type": "library",
            "autoload": {
                "psr-4": {
                    "Cake\\Chronos\\": "src"
                },
                "files": [
                    "src/carbon_compat.php"
                ]
            },
            "notification-url": "https://packagist.org/downloads/",
            "license": [
                "MIT"
            ],
            "authors": [
                {
                    "name": "Brian Nesbitt",
                    "email": "brian@nesbot.com",
                    "homepage": "http://nesbot.com"
                },
                {
                    "name": "The CakePHP Team",
                    "homepage": "http://cakephp.org"
                }
            ],
            "description": "A simple API extension for DateTime.",
            "homepage": "http://cakephp.org",
            "keywords": [
                "date",
                "datetime",
                "time"
            ],
            "time": "2018-01-13T12:19:50+00:00"
        },
        {
            "name": "friendsofcake/crud",
            "version": "5.3.1",
            "source": {
                "type": "git",
                "url": "https://github.com/FriendsOfCake/crud.git",
                "reference": "babfb5d3368583c65f7150f1d04200eef81c786e"
            },
            "dist": {
                "type": "zip",
                "url": "https://api.github.com/repos/FriendsOfCake/crud/zipball/babfb5d3368583c65f7150f1d04200eef81c786e",
                "reference": "babfb5d3368583c65f7150f1d04200eef81c786e",
                "shasum": ""
            },
            "require": {
                "cakephp/cakephp": "^3.4.0"
            },
            "require-dev": {
                "friendsofcake/cakephp-test-utilities": "dev-master",
                "friendsofcake/search": "dev-master",
                "phpunit/phpunit": "<6.0"
            },
            "suggest": {
                "friendsofcake/crud-json-api": "Crud listener for building APIs following the JSON API specification",
                "friendsofcake/crud-view": "Automated admin backend based on your Crud configuration.",
                "friendsofcake/search": "Provides search capabilities for the Crud plugin."
            },
            "type": "cakephp-plugin",
            "autoload": {
                "psr-4": {
                    "Crud\\": "src"
                }
            },
            "notification-url": "https://packagist.org/downloads/",
            "license": [
                "MIT"
            ],
            "authors": [
                {
                    "name": "Christian Winther",
                    "homepage": "http://cakephp.nu/",
                    "role": "Author"
                },
                {
                    "name": "José Lorenzo Rodríguez",
                    "homepage": "https://github.com/lorenzo",
                    "role": "Contributor"
                },
                {
                    "name": "Andy Dawson",
                    "homepage": "https://github.com/ad7six",
                    "role": "Contributor"
                },
                {
                    "name": "ADmad",
                    "homepage": "https://github.com/admad",
                    "role": "Contributor"
                }
            ],
            "description": "CakePHP Application development on steroids - rapid prototyping / scaffolding & production ready code - XML / JSON APIs and more",
            "homepage": "https://github.com/FriendsOfCake/crud",
            "keywords": [
                "bake",
                "cake",
                "cakephp",
                "create",
                "crud",
                "delete",
                "retrieve",
                "scaffold",
                "scaffolding",
                "update"
            ],
            "time": "2018-01-31T13:04:28+00:00"
        },
        {
            "name": "friendsofcake/crud-json-api",
            "version": "0.2.2",
            "source": {
                "type": "git",
                "url": "https://github.com/FriendsOfCake/crud-json-api.git",
                "reference": "1fe01b0849d4074ddf3c6a38e7cb20890d24c1d5"
            },
            "dist": {
                "type": "zip",
                "url": "https://api.github.com/repos/FriendsOfCake/crud-json-api/zipball/1fe01b0849d4074ddf3c6a38e7cb20890d24c1d5",
                "reference": "1fe01b0849d4074ddf3c6a38e7cb20890d24c1d5",
                "shasum": ""
            },
            "require": {
                "cakephp/cakephp": "^3.2.2",
                "friendsofcake/crud": "*",
                "neomerx/json-api": "^1.0"
            },
            "require-dev": {
                "friendsofcake/cakephp-test-utilities": "dev-master",
                "friendsofcake/search": "dev-master",
                "phpunit/phpunit": "<6.0"
            },
            "suggest": {
                "friendsofcake/search": "Provides search capabilities for the Crud plugin."
            },
            "type": "cakephp-plugin",
            "autoload": {
                "psr-4": {
                    "CrudJsonApi\\": "src"
                }
            },
            "notification-url": "https://packagist.org/downloads/",
            "license": [
                "MIT"
            ],
            "authors": [
                {
                    "name": "Bravo-Kernel",
                    "homepage": "http://github.com/bravo-kernel",
                    "role": "Author"
                },
                {
                    "name": "Marlin Cremers",
                    "homepage": "https://github.com/Marlinc",
                    "role": "Contributor"
                },
                {
                    "name": "Walther Lalk",
                    "homepage": "https://github.com/dakota",
                    "role": "Contributor"
                }
            ],
            "description": "Listener for building CakePHP Crud APIs following the JSON API specification.",
            "homepage": "https://github.com/FriendsOfCake/crud-json-api",
            "keywords": [
                "api",
                "cakephp",
                "crud",
                "json api",
                "jsonapi"
            ],
            "time": "2018-01-21T19:02:23+00:00"
        },
        {
            "name": "neomerx/json-api",
            "version": "v1.0.8",
            "source": {
                "type": "git",
                "url": "https://github.com/neomerx/json-api.git",
                "reference": "b8e0b6dbe73f5ad47745bc68292a8649e083756e"
            },
            "dist": {
                "type": "zip",
                "url": "https://api.github.com/repos/neomerx/json-api/zipball/b8e0b6dbe73f5ad47745bc68292a8649e083756e",
                "reference": "b8e0b6dbe73f5ad47745bc68292a8649e083756e",
                "shasum": ""
            },
            "require": {
                "php": ">=5.5.0",
                "psr/http-message": "^1.0",
                "psr/log": "^1.0"
            },
            "require-dev": {
                "mockery/mockery": "~0.9.4",
                "monolog/monolog": "^1.18",
                "phpmd/phpmd": "^2.6",
                "phpunit/phpunit": "^4.6 || ^5.0 || ^6.0",
                "scrutinizer/ocular": "^1.3",
                "squizlabs/php_codesniffer": "^2.5"
            },
            "type": "library",
            "autoload": {
                "psr-4": {
                    "Neomerx\\JsonApi\\": "src/"
                }
            },
            "notification-url": "https://packagist.org/downloads/",
            "license": [
                "Apache-2.0"
            ],
            "authors": [
                {
                    "name": "neomerx",
                    "email": "info@neomerx.com"
                }
            ],
            "description": "Framework agnostic JSON API (jsonapi.org) implementation",
            "homepage": "https://github.com/neomerx/json-api",
            "keywords": [
                "JSON-API",
                "api",
                "json",
                "jsonapi",
                "jsonapi.org",
                "neomerx"
            ],
            "time": "2017-12-11T08:39:29+00:00"
        },
        {
            "name": "psr/http-message",
            "version": "1.0.1",
            "source": {
                "type": "git",
                "url": "https://github.com/php-fig/http-message.git",
                "reference": "f6561bf28d520154e4b0ec72be95418abe6d9363"
            },
            "dist": {
                "type": "zip",
                "url": "https://api.github.com/repos/php-fig/http-message/zipball/f6561bf28d520154e4b0ec72be95418abe6d9363",
                "reference": "f6561bf28d520154e4b0ec72be95418abe6d9363",
                "shasum": ""
            },
            "require": {
                "php": ">=5.3.0"
            },
            "type": "library",
            "extra": {
                "branch-alias": {
                    "dev-master": "1.0.x-dev"
                }
            },
            "autoload": {
                "psr-4": {
                    "Psr\\Http\\Message\\": "src/"
                }
            },
            "notification-url": "https://packagist.org/downloads/",
            "license": [
                "MIT"
            ],
            "authors": [
                {
                    "name": "PHP-FIG",
                    "homepage": "http://www.php-fig.org/"
                }
            ],
            "description": "Common interface for HTTP messages",
            "homepage": "https://github.com/php-fig/http-message",
            "keywords": [
                "http",
                "http-message",
                "psr",
                "psr-7",
                "request",
                "response"
            ],
            "time": "2016-08-06T14:39:51+00:00"
        },
        {
            "name": "psr/log",
            "version": "1.0.2",
            "source": {
                "type": "git",
                "url": "https://github.com/php-fig/log.git",
                "reference": "4ebe3a8bf773a19edfe0a84b6585ba3d401b724d"
            },
            "dist": {
                "type": "zip",
                "url": "https://api.github.com/repos/php-fig/log/zipball/4ebe3a8bf773a19edfe0a84b6585ba3d401b724d",
                "reference": "4ebe3a8bf773a19edfe0a84b6585ba3d401b724d",
                "shasum": ""
            },
            "require": {
                "php": ">=5.3.0"
            },
            "type": "library",
            "extra": {
                "branch-alias": {
                    "dev-master": "1.0.x-dev"
                }
            },
            "autoload": {
                "psr-4": {
                    "Psr\\Log\\": "Psr/Log/"
                }
            },
            "notification-url": "https://packagist.org/downloads/",
            "license": [
                "MIT"
            ],
            "authors": [
                {
                    "name": "PHP-FIG",
                    "homepage": "http://www.php-fig.org/"
                }
            ],
            "description": "Common interface for logging libraries",
            "homepage": "https://github.com/php-fig/log",
            "keywords": [
                "log",
                "psr",
                "psr-3"
            ],
            "time": "2016-10-10T12:19:37+00:00"
        },
        {
            "name": "zendframework/zend-diactoros",
            "version": "1.7.0",
            "source": {
                "type": "git",
                "url": "https://github.com/zendframework/zend-diactoros.git",
                "reference": "ed6ce7e2105c400ca10277643a8327957c0384b7"
            },
            "dist": {
                "type": "zip",
                "url": "https://api.github.com/repos/zendframework/zend-diactoros/zipball/ed6ce7e2105c400ca10277643a8327957c0384b7",
                "reference": "ed6ce7e2105c400ca10277643a8327957c0384b7",
                "shasum": ""
            },
            "require": {
                "php": "^5.6 || ^7.0",
                "psr/http-message": "^1.0"
            },
            "provide": {
                "psr/http-message-implementation": "1.0"
            },
            "require-dev": {
                "ext-dom": "*",
                "ext-libxml": "*",
                "phpunit/phpunit": "^5.7.16 || ^6.0.8",
                "zendframework/zend-coding-standard": "~1.0"
            },
            "type": "library",
            "extra": {
                "branch-alias": {
                    "dev-master": "1.7.x-dev",
                    "dev-develop": "1.8.x-dev"
                }
            },
            "autoload": {
                "psr-4": {
                    "Zend\\Diactoros\\": "src/"
                }
            },
            "notification-url": "https://packagist.org/downloads/",
            "license": [
                "BSD-2-Clause"
            ],
            "description": "PSR HTTP Message implementations",
            "homepage": "https://github.com/zendframework/zend-diactoros",
            "keywords": [
                "http",
                "psr",
                "psr-7"
            ],
            "time": "2018-01-04T18:21:48+00:00"
        }
    ],
    "packages-dev": [],
    "aliases": [],
    "minimum-stability": "stable",
    "stability-flags": [],
    "prefer-stable": false,
    "prefer-lowest": false,
    "platform": [],
    "platform-dev": []
}
